{
  "requires": true,
  "lockfileVersion": 1,
  "dependencies": {
    "react-hooks-helper": {
      "version": "1.6.0",
      "resolved": "https://registry.npmjs.org/react-hooks-helper/-/react-hooks-helper-1.6.0.tgz",
      "integrity": "sha512-DlyWQ99tgwyDdJfTihCXT6AftYymxhA2LS60vBCTOpclmjPxqDwDTLjVK0kbIc3XsgJvxkanW8TwHE0jrIB8hA=="
    }
  }
}
